// !$*UTF8*$!
{
	archiveVersion = 1;
	classes = {
	};
	objectVersion = 50;
	objects = {

/* Begin PBXBuildFile section */
		2CDE8725236709F50073BF06 /* AppDelegate.swift in Sources */ = {isa = PBXBuildFile; fileRef = 2CDE8724236709F50073BF06 /* AppDelegate.swift */; };
		2CDE8727236709F50073BF06 /* SceneDelegate.swift in Sources */ = {isa = PBXBuildFile; fileRef = 2CDE8726236709F50073BF06 /* SceneDelegate.swift */; };
		2CDE872A236709F60073BF06 /* diet_in_a_box.xcdatamodeld in Sources */ = {isa = PBXBuildFile; fileRef = 2CDE8728236709F50073BF06 /* diet_in_a_box.xcdatamodeld */; };
		2CDE872C236709F60073BF06 /* ContentView.swift in Sources */ = {isa = PBXBuildFile; fileRef = 2CDE872B236709F60073BF06 /* ContentView.swift */; };
		2CDE872E236709FA0073BF06 /* Assets.xcassets in Resources */ = {isa = PBXBuildFile; fileRef = 2CDE872D236709FA0073BF06 /* Assets.xcassets */; };
		2CDE8731236709FA0073BF06 /* Preview Assets.xcassets in Resources */ = {isa = PBXBuildFile; fileRef = 2CDE8730236709FA0073BF06 /* Preview Assets.xcassets */; };
		2CDE8734236709FA0073BF06 /* LaunchScreen.storyboard in Resources */ = {isa = PBXBuildFile; fileRef = 2CDE8732236709FA0073BF06 /* LaunchScreen.storyboard */; };
/* End PBXBuildFile section */

/* Begin PBXFileReference section */
		2CDE8721236709F50073BF06 /* diet-in-a-box.app */ = {isa = PBXFileReference; explicitFileType = wrapper.application; includeInIndex = 0; path = "diet-in-a-box.app"; sourceTree = BUILT_PRODUCTS_DIR; };
		2CDE8724236709F50073BF06 /* AppDelegate.swift */ = {isa = PBXFileReference; lastKnownFileType = sourcecode.swift; path = AppDelegate.swift; sourceTree = "<group>"; };
		2CDE8726236709F50073BF06 /* SceneDelegate.swift */ = {isa = PBXFileReference; lastKnownFileType = sourcecode.swift; path = SceneDelegate.swift; sourceTree = "<group>"; };
		2CDE8729236709F50073BF06 /* diet_in_a_box.xcdatamodel */ = {isa = PBXFileReference; lastKnownFileType = wrapper.xcdatamodel; path = diet_in_a_box.xcdatamodel; sourceTree = "<group>"; };
		2CDE872B236709F60073BF06 /* ContentView.swift */ = {isa = PBXFileReference; lastKnownFileType = sourcecode.swift; path = ContentView.swift; sourceTree = "<group>"; };
		2CDE872D236709FA0073BF06 /* Assets.xcassets */ = {isa = PBXFileReference; lastKnownFileType = folder.assetcatalog; path = Assets.xcassets; sourceTree = "<group>"; };
		2CDE8730236709FA0073BF06 /* Preview Assets.xcassets */ = {isa = PBXFileReference; lastKnownFileType = folder.assetcatalog; path = "Preview Assets.xcassets"; sourceTree = "<group>"; };
		2CDE8733236709FA0073BF06 /* Base */ = {isa = PBXFileReference; lastKnownFileType = file.storyboard; name = Base; path = Base.lproj/LaunchScreen.storyboard; sourceTree = "<group>"; };
		2CDE8735236709FA0073BF06 /* Info.plist */ = {isa = PBXFileReference; lastKnownFileType = text.plist.xml; path = Info.plist; sourceTree = "<group>"; };
/* End PBXFileReference section */

/* Begin PBXFrameworksBuildPhase section */
		2CDE871E236709F50073BF06 /* Frameworks */ = {
			isa = PBXFrameworksBuildPhase;
			buildActionMask = 2147483647;
			files = (
			);
			runOnlyForDeploymentPostprocessing = 0;
		};
/* End PBXFrameworksBuildPhase section */

/* Begin PBXGroup section */
		2CDE8718236709F50073BF06 = {
			isa = PBXGroup;
			children = (
				2CDE8723236709F50073BF06 /* diet-in-a-box */,
				2CDE8722236709F50073BF06 /* Products */,
			);
			sourceTree = "<group>";
		};
		2CDE8722236709F50073BF06 /* Products */ = {
			isa = PBXGroup;
			children = (
				2CDE8721236709F50073BF06 /* diet-in-a-box.app */,
			);
			name = Products;
			sourceTree = "<group>";
		};
		2CDE8723236709F50073BF06 /* diet-in-a-box */ = {
			isa = PBXGroup;
			children = (
				2CDE8724236709F50073BF06 /* AppDelegate.swift */,
				2CDE8726236709F50073BF06 /* SceneDelegate.swift */,
				2CDE872B236709F60073BF06 /* ContentView.swift */,
				2CDE872D236709FA0073BF06 /* Assets.xcassets */,
				2CDE8732236709FA0073BF06 /* LaunchScreen.storyboard */,
				2CDE8735236709FA0073BF06 /* Info.plist */,
				2CDE8728236709F50073BF06 /* diet_in_a_box.xcdatamodeld */,
				2CDE872F236709FA0073BF06 /* Preview Content */,
			);
			path = "diet-in-a-box";
			sourceTree = "<group>";
		};
		2CDE872F236709FA0073BF06 /* Preview Content */ = {
			isa = PBXGroup;
			children = (
				2CDE8730236709FA0073BF06 /* Preview Assets.xcassets */,
			);
			path = "Preview Content";
			sourceTree = "<group>";
		};
/* End PBXGroup section */

/* Begin PBXNativeTarget section */
		2CDE8720236709F50073BF06 /* diet-in-a-box */ = {
			isa = PBXNativeTarget;
			buildConfigurationList = 2CDE8738236709FA0073BF06 /* Build configuration list for PBXNativeTarget "diet-in-a-box" */;
			buildPhases = (
				2CDE871D236709F50073BF06 /* Sources */,
				2CDE871E236709F50073BF06 /* Frameworks */,
				2CDE871F236709F50073BF06 /* Resources */,
			);
			buildRules = (
			);
			dependencies = (
			);
			name = "diet-in-a-box";
			productName = "diet-in-a-box";
			productReference = 2CDE8721236709F50073BF06 /* diet-in-a-box.app */;
			productType = "com.apple.product-type.application";
		};
/* End PBXNativeTarget section */

/* Begin PBXProject section */
		2CDE8719236709F50073BF06 /* Project object */ = {
			isa = PBXProject;
			attributes = {
				LastSwiftUpdateCheck = 1110;
				LastUpgradeCheck = 1110;
				ORGANIZATIONNAME = "Oleksandr Filippov";
				TargetAttributes = {
					2CDE8720236709F50073BF06 = {
						CreatedOnToolsVersion = 11.1;
					};
				};
			};
			buildConfigurationList = 2CDE871C236709F50073BF06 /* Build configuration list for PBXProject "diet-in-a-box" */;
			compatibilityVersion = "Xcode 9.3";
			developmentRegion = en;
			hasScannedForEncodings = 0;
			knownRegions = (
				en,
				Base,
			);
			mainGroup = 2CDE8718236709F50073BF06;
			productRefGroup = 2CDE8722236709F50073BF06 /* Products */;
			projectDirPath = "";
			projectRoot = "";
			targets = (
				2CDE8720236709F50073BF06 /* diet-in-a-box */,
			);
		};
/* End PBXProject section */

/* Begin PBXResourcesBuildPhase section */
		2CDE871F236709F50073BF06 /* Resources */ = {
			isa = PBXResourcesBuildPhase;
			buildActionMask = 2147483647;
			files = (
				2CDE8734236709FA0073BF06 /* LaunchScreen.storyboard in Resources */,
				2CDE8731236709FA0073BF06 /* Preview Assets.xcassets in Resources */,
				2CDE872E236709FA0073BF06 /* Assets.xcassets in Resources */,
			);
			runOnlyForDeploymentPostprocessing = 0;
		};
/* End PBXResourcesBuildPhase section */

/* Begin PBXSourcesBuildPhase section */
		2CDE871D236709F50073BF06 /* Sources */ = {
			isa = PBXSourcesBuildPhase;
			buildActionMask = 2147483647;
			files = (
				2CDE8725236709F50073BF06 /* AppDelegate.swift in Sources */,
				2CDE8727236709F50073BF06 /* SceneDelegate.swift in Sources */,
				2CDE872C236709F60073BF06 /* ContentView.swift in Sources */,
				2CDE872A236709F60073BF06 /* diet_in_a_box.xcdatamodeld in Sources */,
			);
			runOnlyForDeploymentPostprocessing = 0;
		};
/* End PBXSourcesBuildPhase section */

/* Begin PBXVariantGroup section */
		2CDE8732236709FA0073BF06 /* LaunchScreen.storyboard */ = {
			isa = PBXVariantGroup;
			children = (
				2CDE8733236709FA0073BF06 /* Base */,
			);
			name = LaunchScreen.storyboard;
			sourceTree = "<group>";
		};
/* End PBXVariantGroup section */

/* Begin XCBuildConfiguration section */
		2CDE8736236709FA0073BF06 /* Debug */ = {
			isa = XCBuildConfiguration;
			buildSettings = {
				ALWAYS_SEARCH_USER_PATHS = NO;
				CLANG_ANALYZER_NONNULL = YES;
				CLANG_ANALYZER_NUMBER_OBJECT_CONVERSION = YES_AGGRESSIVE;
				CLANG_CXX_LANGUAGE_STANDARD = "gnu++14";
				CLANG_CXX_LIBRARY = "libc++";
				CLANG_ENABLE_MODULES = YES;
				CLANG_ENABLE_OBJC_ARC = YES;
				CLANG_ENABLE_OBJC_WEAK = YES;
				CLANG_WARN_BLOCK_CAPTURE_AUTORELEASING = YES;
				CLANG_WARN_BOOL_CONVERSION = YES;
				CLANG_WARN_COMMA = YES;
				CLANG_WARN_CONSTANT_CONVERSION = YES;
				CLANG_WARN_DEPRECATED_OBJC_IMPLEMENTATIONS = YES;
				CLANG_WARN_DIRECT_OBJC_ISA_USAGE = YES_ERROR;
				CLANG_WARN_DOCUMENTATION_COMMENTS = YES;
				CLANG_WARN_EMPTY_BODY = YES;
				CLANG_WARN_ENUM_CONVERSION = YES;
				CLANG_WARN_INFINITE_RECURSION = YES;
				CLANG_WARN_INT_CONVERSION = YES;
				CLANG_WARN_NON_LITERAL_NULL_CONVERSION = YES;
				CLANG_WARN_OBJC_IMPLICIT_RETAIN_SELF = YES;
				CLANG_WARN_OBJC_LITERAL_CONVERSION = YES;
				CLANG_WARN_OBJC_ROOT_CLASS = YES_ERROR;
				CLANG_WARN_RANGE_LOOP_ANALYSIS = YES;
				CLANG_WARN_STRICT_PROTOTYPES = YES;
				CLANG_WARN_SUSPICIOUS_MOVE = YES;
				CLANG_WARN_UNGUARDED_AVAILABILITY = YES_AGGRESSIVE;
				CLANG_WARN_UNREACHABLE_CODE = YES;
				CLANG_WARN__DUPLICATE_METHOD_MATCH = YES;
				COPY_PHASE_STRIP = NO;
				DEBUG_INFORMATION_FORMAT = dwarf;
				ENABLE_STRICT_OBJC_MSGSEND = YES;
				ENABLE_TESTABILITY = YES;
				GCC_C_LANGUAGE_STANDARD = gnu11;
				GCC_DYNAMIC_NO_PIC = NO;
				GCC_NO_COMMON_BLOCKS = YES;
				GCC_OPTIMIZATION_LEVEL = 0;
				GCC_PREPROCESSOR_DEFINITIONS = (
					"DEBUG=1",
					"$(inherited)",
				);
				GCC_WARN_64_TO_32_BIT_CONVERSION = YES;
				GCC_WARN_ABOUT_RETURN_TYPE = YES_ERROR;
				GCC_WARN_UNDECLARED_SELECTOR = YES;
				GCC_WARN_UNINITIALIZED_AUTOS = YES_AGGRESSIVE;
				GCC_WARN_UNUSED_FUNCTION = YES;
				GCC_WARN_UNUSED_VARIABLE = YES;
				IPHONEOS_DEPLOYMENT_TARGET = 13.1;
				MTL_ENABLE_DEBUG_INFO = INCLUDE_SOURCE;
				MTL_FAST_MATH = YES;
				ONLY_ACTIVE_ARCH = YES;
				SDKROOT = iphoneos;
				SWIFT_ACTIVE_COMPILATION_CONDITIONS = DEBUG;
				SWIFT_OPTIMIZATION_LEVEL = "-Onone";
			};
			name = Debug;
		};
		2CDE8737236709FA0073BF06 /* Release */ = {
			isa = XCBuildConfiguration;
			buildSettings = {
				ALWAYS_SEARCH_USER_PATHS = NO;
				CLANG_ANALYZER_NONNULL = YES;
				CLANG_ANALYZER_NUMBER_OBJECT_CONVERSION = YES_AGGRESSIVE;
				CLANG_CXX_LANGUAGE_STANDARD = "gnu++14";
				CLANG_CXX_LIBRARY = "libc++";
				CLANG_ENABLE_MODULES = YES;
				CLANG_ENABLE_OBJC_ARC = YES;
				CLANG_ENABLE_OBJC_WEAK = YES;
				CLANG_WARN_BLOCK_CAPTURE_AUTORELEASING = YES;
				CLANG_WARN_BOOL_CONVERSION = YES;
				CLANG_WARN_COMMA = YES;
				CLANG_WARN_CONSTANT_CONVERSION = YES;
				CLANG_WARN_DEPRECATED_OBJC_IMPLEMENTATIONS = YES;
				CLANG_WARN_DIRECT_OBJC_ISA_USAGE = YES_ERROR;
				CLANG_WARN_DOCUMENTATION_COMMENTS = YES;
				CLANG_WARN_EMPTY_BODY = YES;
				CLANG_WARN_ENUM_CONVERSION = YES;
				CLANG_WARN_INFINITE_RECURSION = YES;
				CLANG_WARN_INT_CONVERSION = YES;
				CLANG_WARN_NON_LITERAL_NULL_CONVERSION = YES;
				CLANG_WARN_OBJC_IMPLICIT_RETAIN_SELF = YES;
				CLANG_WARN_OBJC_LITERAL_CONVERSION = YES;
				CLANG_WARN_OBJC_ROOT_CLASS = YES_ERROR;
				CLANG_WARN_RANGE_LOOP_ANALYSIS = YES;
				CLANG_WARN_STRICT_PROTOTYPES = YES;
				CLANG_WARN_SUSPICIOUS_MOVE = YES;
				CLANG_WARN_UNGUARDED_AVAILABILITY = YES_AGGRESSIVE;
				CLANG_WARN_UNREACHABLE_CODE = YES;
				CLANG_WARN__DUPLICATE_METHOD_MATCH = YES;
				COPY_PHASE_STRIP = NO;
				DEBUG_INFORMATION_FORMAT = "dwarf-with-dsym";
				ENABLE_NS_ASSERTIONS = NO;
				ENABLE_STRICT_OBJC_MSGSEND = YES;
				GCC_C_LANGUAGE_STANDARD = gnu11;
				GCC_NO_COMMON_BLOCKS = YES;
				GCC_WARN_64_TO_32_BIT_CONVERSION = YES;
				GCC_WARN_ABOUT_RETURN_TYPE = YES_ERROR;
				GCC_WARN_UNDECLARED_SELECTOR = YES;
				GCC_WARN_UNINITIALIZED_AUTOS = YES_AGGRESSIVE;
				GCC_WARN_UNUSED_FUNCTION = YES;
				GCC_WARN_UNUSED_VARIABLE = YES;
				IPHONEOS_DEPLOYMENT_TARGET = 13.1;
				MTL_ENABLE_DEBUG_INFO = NO;
				MTL_FAST_MATH = YES;
				SDKROOT = iphoneos;
				SWIFT_COMPILATION_MODE = wholemodule;
				SWIFT_OPTIMIZATION_LEVEL = "-O";
				VALIDATE_PRODUCT = YES;
			};
			name = Release;
		};
		2CDE8739236709FA0073BF06 /* Debug */ = {
			isa = XCBuildConfiguration;
			buildSettings = {
				ASSETCATALOG_COMPILER_APPICON_NAME = AppIcon;
				CODE_SIGN_STYLE = Automatic;
				DEVELOPMENT_ASSET_PATHS = "\"diet-in-a-box/Preview Content\"";
				DEVELOPMENT_TEAM = HRC32MPH2R;
				ENABLE_PREVIEWS = YES;
				INFOPLIST_FILE = "diet-in-a-box/Info.plist";
				LD_RUNPATH_SEARCH_PATHS = (
					"$(inherited)",
					"@executable_path/Frameworks",
				);
				PRODUCT_BUNDLE_IDENTIFIER = "com.oleksandrfilippov.diet-in-a-box";
				PRODUCT_NAME = "$(TARGET_NAME)";
				SWIFT_VERSION = 5.0;
				TARGETED_DEVICE_FAMILY = "1,2";
			};
			name = Debug;
		};
		2CDE873A236709FA0073BF06 /* Release */ = {
			isa = XCBuildConfiguration;
			buildSettings = {
				ASSETCATALOG_COMPILER_APPICON_NAME = AppIcon;
				CODE_SIGN_STYLE = Automatic;
				DEVELOPMENT_ASSET_PATHS = "\"diet-in-a-box/Preview Content\"";
				DEVELOPMENT_TEAM = HRC32MPH2R;
				ENABLE_PREVIEWS = YES;
				INFOPLIST_FILE = "diet-in-a-box/Info.plist";
				LD_RUNPATH_SEARCH_PATHS = (
					"$(inherited)",
					"@executable_path/Frameworks",
				);
				PRODUCT_BUNDLE_IDENTIFIER = "com.oleksandrfilippov.diet-in-a-box";
				PRODUCT_NAME = "$(TARGET_NAME)";
				SWIFT_VERSION = 5.0;
				TARGETED_DEVICE_FAMILY = "1,2";
			};
			name = Release;
		};
/* End XCBuildConfiguration section */

/* Begin XCConfigurationList section */
		2CDE871C236709F50073BF06 /* Build configuration list for PBXProject "diet-in-a-box" */ = {
			isa = XCConfigurationList;
			buildConfigurations = (
				2CDE8736236709FA0073BF06 /* Debug */,
				2CDE8737236709FA0073BF06 /* Release */,
			);
			defaultConfigurationIsVisible = 0;
			defaultConfigurationName = Release;
		};
		2CDE8738236709FA0073BF06 /* Build configuration list for PBXNativeTarget "diet-in-a-box" */ = {
			isa = XCConfigurationList;
			buildConfigurations = (
				2CDE8739236709FA0073BF06 /* Debug */,
				2CDE873A236709FA0073BF06 /* Release */,
			);
			defaultConfigurationIsVisible = 0;
			defaultConfigurationName = Release;
		};
/* End XCConfigurationList section */

/* Begin XCVersionGroup section */
		2CDE8728236709F50073BF06 /* diet_in_a_box.xcdatamodeld */ = {
			isa = XCVersionGroup;
			children = (
				2CDE8729236709F50073BF06 /* diet_in_a_box.xcdatamodel */,
			);
			currentVersion = 2CDE8729236709F50073BF06 /* diet_in_a_box.xcdatamodel */;
			path = diet_in_a_box.xcdatamodeld;
			sourceTree = "<group>";
			versionGroupType = wrapper.xcdatamodel;
		};
/* End XCVersionGroup section */
	};
	rootObject = 2CDE8719236709F50073BF06 /* Project object */;
}
